
Microsoft Visual Studio Solution File, Format Version 12.00
# Visual Studio 15
VisualStudioVersion = 15.0.28010.2003
MinimumVisualStudioVersion = 10.0.40219.1
Project("{9A19103F-16F7-4668-BE54-9A1E7A4F7556}") = "michieloppenheimer.io", "michieloppenheimer.io.csproj", "{48256EAD-6550-440D-9A57-700A8D50BC1F}"
EndProject
Global
	GlobalSection(SolutionConfigurationPlatforms) = preSolution
		Debug|Any CPU = Debug|Any CPU
		Release|Any CPU = Release|Any CPU
	EndGlobalSection
	GlobalSection(ProjectConfigurationPlatforms) = postSolution
		{48256EAD-6550-440D-9A57-700A8D50BC1F}.Debug|Any CPU.ActiveCfg = Debug|Any CPU
		{48256EAD-6550-440D-9A57-700A8D50BC1F}.Debug|Any CPU.Build.0 = Debug|Any CPU
		{48256EAD-6550-440D-9A57-700A8D50BC1F}.Release|Any CPU.ActiveCfg = Release|Any CPU
		{48256EAD-6550-440D-9A57-700A8D50BC1F}.Release|Any CPU.Build.0 = Release|Any CPU
	EndGlobalSection
	GlobalSection(SolutionProperties) = preSolution
		HideSolutionNode = FALSE
	EndGlobalSection
	GlobalSection(ExtensibilityGlobals) = postSolution
		SolutionGuid = {A3FB5F17-71C6-49E6-BE21-B5172E416650}
	EndGlobalSection
EndGlobal
